<?xml version="1.0" encoding="utf-8"?>
<Project ToolsVersion="4.0" xmlns="http://schemas.microsoft.com/developer/msbuild/2003">
  <ItemGroup>
    <ApplicationDefinition Include="App.xaml" />
  </ItemGroup>
  <ItemGroup>
    <Page Include="IslandPage.xaml">
      <Filter>View</Filter>
    </Page>
    <Page Include="MainWindow.xaml">
      <Filter>View</Filter>
    </Page>
    <Page Include="LaunchGamePage.xaml">
      <Filter>View</Filter>
    </Page>
    <Page Include="HomePage.xaml">
      <Filter>View</Filter>
    </Page>
    <Page Include="SettingsPage.xaml">
      <Filter>View</Filter>
    </Page>
    <Page Include="MainView.xaml">
      <Filter>View</Filter>
    </Page>
    <Page Include="RightAlignedCompactToggleSwitch.xaml">
      <Filter>ResourceDictionary</Filter>
    </Page>
    <Page Include="Themes\Generic.xaml">
      <Filter>ResourceDictionary</Filter>
    </Page>
    <Page Include="UserView.xaml">
      <Filter>View</Filter>
    </Page>
  </ItemGroup>
  <ItemGroup>
    <Midl Include="MainWindow.idl" />
    <Midl Include="SettingsViewModel.idl">
      <Filter>ViewModel</Filter>
    </Midl>
    <Midl Include="UserViewModel.idl">
      <Filter>ViewModel</Filter>
    </Midl>
    <Midl Include="UserModel.idl">
      <Filter>Model</Filter>
    </Midl>
  </ItemGroup>
  <ItemGroup>
    <ClCompile Include="pch.cpp" />
    <ClCompile Include="$(GeneratedFilesDir)module.g.cpp" />
    <ClCompile Include="HoYoLogin.cpp">
      <Filter>Service\Game\Account</Filter>
    </ClCompile>
    <ClCompile Include="settings.cpp">
      <Filter>Service\Settings</Filter>
    </ClCompile>
    <ClCompile Include="settings.pb.cc">
      <Filter>Service\Settings</Filter>
    </ClCompile>
    <ClCompile Include="LaunchGame.cpp">
      <Filter>Service\Game\Launching</Filter>
    </ClCompile>
    <ClCompile Include="GamePathDetect.cpp">
      <Filter>Service\Game\FileSystem</Filter>
    </ClCompile>
    <ClCompile Include="Utils.cpp">
      <Filter>Service\Utils</Filter>
    </ClCompile>
    <ClCompile Include="SettingsViewModel.cpp">
      <Filter>ViewModel</Filter>
    </ClCompile>
    <ClCompile Include="UserViewModel.cpp">
      <Filter>ViewModel</Filter>
    </ClCompile>
    <ClCompile Include="UserModel.cpp">
      <Filter>Model</Filter>
    </ClCompile>
  </ItemGroup>
  <ItemGroup>
    <ClInclude Include="pch.h" />
    <ClInclude Include="island.h">
      <Filter>Service</Filter>
    </ClInclude>
    <ClInclude Include="HoYoLogin.h">
      <Filter>Service\Game\Account</Filter>
    </ClInclude>
    <ClInclude Include="resource.h" />
    <ClInclude Include="Settings.h">
      <Filter>Service\Settings</Filter>
    </ClInclude>
    <ClInclude Include="settings.pb.h">
      <Filter>Service\Settings</Filter>
    </ClInclude>
    <ClInclude Include="LaunchGame.h">
      <Filter>Service\Game\Launching</Filter>
    </ClInclude>
    <ClInclude Include="GamePathDetect.h">
      <Filter>Service\Game\FileSystem</Filter>
    </ClInclude>
    <ClInclude Include="Utils.h">
      <Filter>Service\Utils</Filter>
    </ClInclude>
    <ClInclude Include="SettingsViewModel.h">
      <Filter>ViewModel</Filter>
    </ClInclude>
    <ClInclude Include="UserViewModel.h">
      <Filter>ViewModel</Filter>
    </ClInclude>
    <ClInclude Include="UserModel.h">
      <Filter>Model</Filter>
    </ClInclude>
  </ItemGroup>
  <ItemGroup>
    <Image Include="Assets\Wide310x150Logo.scale-200.png">
      <Filter>Assets</Filter>
    </Image>
    <Image Include="Assets\StoreLogo.png">
      <Filter>Assets</Filter>
    </Image>
    <Image Include="Assets\Square150x150Logo.scale-200.png">
      <Filter>Assets</Filter>
    </Image>
    <Image Include="Assets\Square44x44Logo.targetsize-24_altform-unplated.png">
      <Filter>Assets</Filter>
    </Image>
    <Image Include="Assets\Square44x44Logo.scale-200.png">
      <Filter>Assets</Filter>
    </Image>
    <Image Include="Assets\SplashScreen.scale-200.png">
      <Filter>Assets</Filter>
    </Image>
    <Image Include="Assets\LockScreenLogo.scale-200.png">
      <Filter>Assets</Filter>
    </Image>
    <Image Include="Assets\LargeTile.scale-100.png">
      <Filter>Assets</Filter>
    </Image>
    <Image Include="Assets\LargeTile.scale-125.png">
      <Filter>Assets</Filter>
    </Image>
    <Image Include="Assets\LargeTile.scale-150.png">
      <Filter>Assets</Filter>
    </Image>
    <Image Include="Assets\LargeTile.scale-200.png">
      <Filter>Assets</Filter>
    </Image>
    <Image Include="Assets\LargeTile.scale-400.png">
      <Filter>Assets</Filter>
    </Image>
    <Image Include="Assets\SmallTile.scale-100.png">
      <Filter>Assets</Filter>
    </Image>
    <Image Include="Assets\SmallTile.scale-125.png">
      <Filter>Assets</Filter>
    </Image>
    <Image Include="Assets\SmallTile.scale-150.png">
      <Filter>Assets</Filter>
    </Image>
    <Image Include="Assets\SmallTile.scale-200.png">
      <Filter>Assets</Filter>
    </Image>
    <Image Include="Assets\SmallTile.scale-400.png">
      <Filter>Assets</Filter>
    </Image>
    <Image Include="Assets\SplashScreen.scale-100.png">
      <Filter>Assets</Filter>
    </Image>
    <Image Include="Assets\SplashScreen.scale-125.png">
      <Filter>Assets</Filter>
    </Image>
    <Image Include="Assets\SplashScreen.scale-150.png">
      <Filter>Assets</Filter>
    </Image>
    <Image Include="Assets\SplashScreen.scale-400.png">
      <Filter>Assets</Filter>
    </Image>
    <Image Include="Assets\Square44x44Logo.altform-lightunplated_targetsize-16.png">
      <Filter>Assets</Filter>
    </Image>
    <Image Include="Assets\Square44x44Logo.altform-lightunplated_targetsize-24.png">
      <Filter>Assets</Filter>
    </Image>
    <Image Include="Assets\Square44x44Logo.altform-lightunplated_targetsize-32.png">
      <Filter>Assets</Filter>
    </Image>
    <Image Include="Assets\Square44x44Logo.altform-lightunplated_targetsize-48.png">
      <Filter>Assets</Filter>
    </Image>
    <Image Include="Assets\Square44x44Logo.altform-lightunplated_targetsize-256.png">
      <Filter>Assets</Filter>
    </Image>
    <Image Include="Assets\Square44x44Logo.altform-unplated_targetsize-16.png">
      <Filter>Assets</Filter>
    </Image>
    <Image Include="Assets\Square44x44Logo.altform-unplated_targetsize-32.png">
      <Filter>Assets</Filter>
    </Image>
    <Image Include="Assets\Square44x44Logo.altform-unplated_targetsize-48.png">
      <Filter>Assets</Filter>
    </Image>
    <Image Include="Assets\Square44x44Logo.altform-unplated_targetsize-256.png">
      <Filter>Assets</Filter>
    </Image>
    <Image Include="Assets\Square44x44Logo.scale-100.png">
      <Filter>Assets</Filter>
    </Image>
    <Image Include="Assets\Square44x44Logo.scale-125.png">
      <Filter>Assets</Filter>
    </Image>
    <Image Include="Assets\Square44x44Logo.scale-150.png">
      <Filter>Assets</Filter>
    </Image>
    <Image Include="Assets\Square44x44Logo.scale-400.png">
      <Filter>Assets</Filter>
    </Image>
    <Image Include="Assets\Square44x44Logo.targetsize-16.png">
      <Filter>Assets</Filter>
    </Image>
    <Image Include="Assets\Square44x44Logo.targetsize-24.png">
      <Filter>Assets</Filter>
    </Image>
    <Image Include="Assets\Square44x44Logo.targetsize-32.png">
      <Filter>Assets</Filter>
    </Image>
    <Image Include="Assets\Square44x44Logo.targetsize-48.png">
      <Filter>Assets</Filter>
    </Image>
    <Image Include="Assets\Square44x44Logo.targetsize-256.png">
      <Filter>Assets</Filter>
    </Image>
    <Image Include="Assets\Square150x150Logo.scale-100.png">
      <Filter>Assets</Filter>
    </Image>
    <Image Include="Assets\Square150x150Logo.scale-125.png">
      <Filter>Assets</Filter>
    </Image>
    <Image Include="Assets\Square150x150Logo.scale-150.png">
      <Filter>Assets</Filter>
    </Image>
    <Image Include="Assets\Square150x150Logo.scale-400.png">
      <Filter>Assets</Filter>
    </Image>
    <Image Include="Assets\StoreLogo.scale-100.png">
      <Filter>Assets</Filter>
    </Image>
    <Image Include="Assets\StoreLogo.scale-125.png">
      <Filter>Assets</Filter>
    </Image>
    <Image Include="Assets\StoreLogo.scale-150.png">
      <Filter>Assets</Filter>
    </Image>
    <Image Include="Assets\StoreLogo.scale-200.png">
      <Filter>Assets</Filter>
    </Image>
    <Image Include="Assets\StoreLogo.scale-400.png">
      <Filter>Assets</Filter>
    </Image>
    <Image Include="Assets\Wide310x150Logo.scale-100.png">
      <Filter>Assets</Filter>
    </Image>
    <Image Include="Assets\Wide310x150Logo.scale-125.png">
      <Filter>Assets</Filter>
    </Image>
    <Image Include="Assets\Wide310x150Logo.scale-150.png">
      <Filter>Assets</Filter>
    </Image>
    <Image Include="Assets\Wide310x150Logo.scale-400.png">
      <Filter>Assets</Filter>
    </Image>
    <Image Include="Assets\Logo.ico">
      <Filter>Assets</Filter>
    </Image>
    <Image Include="Assets\miyoushe128.png">
      <Filter>Assets</Filter>
    </Image>
  </ItemGroup>
  <ItemGroup>
    <Filter Include="Assets">
      <UniqueIdentifier>{93cdf262-18f7-4cd0-9385-42ae46c9b161}</UniqueIdentifier>
    </Filter>
    <Filter Include="View">
      <UniqueIdentifier>{8d6ba8d3-7818-4942-8bac-4cc7e2b56b1e}</UniqueIdentifier>
    </Filter>
    <Filter Include="Service">
      <UniqueIdentifier>{ebf41ea4-0dc7-48af-9f6c-0350ed9e06f2}</UniqueIdentifier>
    </Filter>
    <Filter Include="Resource">
      <UniqueIdentifier>{481531b1-48d5-4c74-9050-97eab8449e9b}</UniqueIdentifier>
    </Filter>
    <Filter Include="ViewModel">
      <UniqueIdentifier>{139ef8be-f805-44bd-bfb6-82c8ffdcc3b9}</UniqueIdentifier>
    </Filter>
    <Filter Include="Service\Settings">
      <UniqueIdentifier>{6a4eb3b4-8b5b-413a-a42c-ebfa26cb4fe6}</UniqueIdentifier>
    </Filter>
    <Filter Include="Service\Game">
      <UniqueIdentifier>{da0de174-a447-492f-89e0-bd0fc3d4617c}</UniqueIdentifier>
    </Filter>
    <Filter Include="Service\Game\Account">
      <UniqueIdentifier>{7c9d3115-5826-41cd-8e92-d2da310f7e13}</UniqueIdentifier>
    </Filter>
    <Filter Include="Service\Game\Launching">
      <UniqueIdentifier>{7ae3ed68-cf1a-42b4-8ebc-157f3768a319}</UniqueIdentifier>
    </Filter>
    <Filter Include="Service\Game\FileSystem">
      <UniqueIdentifier>{a20c4d62-e58a-4ebb-ba5b-d4cd4459a69c}</UniqueIdentifier>
    </Filter>
    <Filter Include="Resource\Default">
      <UniqueIdentifier>{771ce8fb-1735-473c-b66b-bd410158b101}</UniqueIdentifier>
    </Filter>
    <Filter Include="Resource\zh-cn">
      <UniqueIdentifier>{9434da13-63a4-469f-bf38-1607ece0f497}</UniqueIdentifier>
    </Filter>
    <Filter Include="Service\Utils">
      <UniqueIdentifier>{1db2d635-1278-49ae-b029-cace694c6725}</UniqueIdentifier>
    </Filter>
    <Filter Include="ResourceDictionary">
      <UniqueIdentifier>{cf3eecf3-5d69-43ac-a170-7ac98bbe943e}</UniqueIdentifier>
    </Filter>
    <Filter Include="Model">
      <UniqueIdentifier>{c781b5af-33f7-4931-883c-97cf1b0e8266}</UniqueIdentifier>
    </Filter>
  </ItemGroup>
  <ItemGroup>
    <Text Include="readme.txt" />
  </ItemGroup>
  <ItemGroup>
    <Manifest Include="app.manifest" />
  </ItemGroup>
  <ItemGroup>
    <None Include="packages.config" />
    <None Include="proto.props" />
    <None Include="proto.targets" />
    <None Include="Settings.proto">
      <Filter>Service\Settings</Filter>
    </None>
  </ItemGroup>
  <ItemGroup>
    <ResourceCompile Include="App6.rc" />
  </ItemGroup>
  <ItemGroup>
    <PRIResource Include="Resources.resw">
      <Filter>Resource\Default</Filter>
    </PRIResource>
    <PRIResource Include="Strings\zh-CN\Resources.resw">
      <Filter>Resource\zh-cn</Filter>
    </PRIResource>
  </ItemGroup>
  <ItemGroup>
    <Natvis Include="$(MSBuildThisFileDirectory)..\..\natvis\wil.natvis" />
    <Natvis Include="$(MSBuildThisFileDirectory)..\..\natvis\wil.natstepfilter" />
  </ItemGroup>
</Project>